
Microsoft Visual Studio Solution File, Format Version 12.00
# Visual Studio 2013
VisualStudioVersion = 12.0.30723.0
MinimumVisualStudioVersion = 10.0.40219.1
Project("{FAE04EC0-301F-11D3-BF4B-00C04F79EFBC}") = "CommonMarkSharp", "CommonMarkSharp\CommonMarkSharp.csproj", "{E23C6254-F181-4E78-95A8-B912BCB18BB0}"
EndProject
Project("{FAE04EC0-301F-11D3-BF4B-00C04F79EFBC}") = "CommonMarkSharp.Tests", "CommonMarkSharp.Tests\CommonMarkSharp.Tests.csproj", "{E0A6C68F-91CD-45BB-84A4-DE7F245131A1}"
EndProject
Project("{2150E333-8FDC-42A3-9474-1A3956D46DE8}") = "Solution files", "Solution files", "{17DDBD12-C394-412F-88A5-EBEFA9363292}"
	ProjectSection(SolutionItems) = preProject
		.gitignore = .gitignore
		LICENSE = LICENSE
		Pack.cmd = Pack.cmd
		PackAndPublish.cmd = PackAndPublish.cmd
		README.md = README.md
	EndProjectSection
EndProject
Project("{2150E333-8FDC-42A3-9474-1A3956D46DE8}") = ".nuget", ".nuget", "{5D6CFDD8-D4F1-4C2E-B6C8-8D32A126BC52}"
	ProjectSection(SolutionItems) = preProject
		.nuget\packages.config = .nuget\packages.config
	EndProjectSection
EndProject
Project("{FAE04EC0-301F-11D3-BF4B-00C04F79EFBC}") = "Examples", "Examples\Examples.csproj", "{67F9B0D5-79B8-4CBE-A3CA-F20C2FFE1309}"
EndProject
Global
	GlobalSection(SolutionConfigurationPlatforms) = preSolution
		Debug|Any CPU = Debug|Any CPU
		Release|Any CPU = Release|Any CPU
	EndGlobalSection
	GlobalSection(ProjectConfigurationPlatforms) = postSolution
		{E23C6254-F181-4E78-95A8-B912BCB18BB0}.Debug|Any CPU.ActiveCfg = Debug|Any CPU
		{E23C6254-F181-4E78-95A8-B912BCB18BB0}.Debug|Any CPU.Build.0 = Debug|Any CPU
		{E23C6254-F181-4E78-95A8-B912BCB18BB0}.Release|Any CPU.ActiveCfg = Release|Any CPU
		{E23C6254-F181-4E78-95A8-B912BCB18BB0}.Release|Any CPU.Build.0 = Release|Any CPU
		{E0A6C68F-91CD-45BB-84A4-DE7F245131A1}.Debug|Any CPU.ActiveCfg = Debug|Any CPU
		{E0A6C68F-91CD-45BB-84A4-DE7F245131A1}.Debug|Any CPU.Build.0 = Debug|Any CPU
		{E0A6C68F-91CD-45BB-84A4-DE7F245131A1}.Release|Any CPU.ActiveCfg = Release|Any CPU
		{E0A6C68F-91CD-45BB-84A4-DE7F245131A1}.Release|Any CPU.Build.0 = Release|Any CPU
		{67F9B0D5-79B8-4CBE-A3CA-F20C2FFE1309}.Debug|Any CPU.ActiveCfg = Debug|Any CPU
		{67F9B0D5-79B8-4CBE-A3CA-F20C2FFE1309}.Debug|Any CPU.Build.0 = Debug|Any CPU
		{67F9B0D5-79B8-4CBE-A3CA-F20C2FFE1309}.Release|Any CPU.ActiveCfg = Release|Any CPU
		{67F9B0D5-79B8-4CBE-A3CA-F20C2FFE1309}.Release|Any CPU.Build.0 = Release|Any CPU
	EndGlobalSection
	GlobalSection(SolutionProperties) = preSolution
		HideSolutionNode = FALSE
	EndGlobalSection
EndGlobal
